
Microsoft Visual Studio Solution File, Format Version 12.00
# Visual Studio Version 17
VisualStudioVersion = 17.2.32602.215
MinimumVisualStudioVersion = 10.0.40219.1
Project("{FAE04EC0-301F-11D3-BF4B-00C04F79EFBC}") = "TriangleDrawing", "TriangleDrawing\TriangleDrawing.csproj", "{A0FB0DEB-9DEC-420D-A71E-C74807D5BF9D}"
EndProject
Project("{FAE04EC0-301F-11D3-BF4B-00C04F79EFBC}") = "FibonacciTriangleandAvarage", "FibonacciTriangleandAvarage\FibonacciTriangleandAvarage.csproj", "{87DC4D7E-0C43-4C4B-A163-2C72E5947670}"
EndProject
Project("{FAE04EC0-301F-11D3-BF4B-00C04F79EFBC}") = "Algoritma", "Algoritma\Algoritma.csproj", "{7C81E753-F0C3-4214-A742-5A4A72450FE5}"
EndProject
Project("{FAE04EC0-301F-11D3-BF4B-00C04F79EFBC}") = "KarakterTerstenYazdırma", "KarakterTerstenYazdırma\KarakterTerstenYazdırma.csproj", "{6C351A11-A5F0-4AE2-A75A-B49809DE3A70}"
EndProject
Project("{FAE04EC0-301F-11D3-BF4B-00C04F79EFBC}") = "AlanHesaplama", "AlanHesaplama\AlanHesaplama.csproj", "{1625EA33-77EC-4064-98A4-1E0D8371EB69}"
EndProject
Project("{FAE04EC0-301F-11D3-BF4B-00C04F79EFBC}") = "IntegerIkililerinToplami", "IntegerIkililerinToplami\IntegerIkililerinToplami.csproj", "{B63809AF-EFDD-4D68-8647-7606E46F43F0}"
EndProject
Global
	GlobalSection(SolutionConfigurationPlatforms) = preSolution
		Debug|Any CPU = Debug|Any CPU
		Release|Any CPU = Release|Any CPU
	EndGlobalSection
	GlobalSection(ProjectConfigurationPlatforms) = postSolution
		{A0FB0DEB-9DEC-420D-A71E-C74807D5BF9D}.Debug|Any CPU.ActiveCfg = Debug|Any CPU
		{A0FB0DEB-9DEC-420D-A71E-C74807D5BF9D}.Debug|Any CPU.Build.0 = Debug|Any CPU
		{A0FB0DEB-9DEC-420D-A71E-C74807D5BF9D}.Release|Any CPU.ActiveCfg = Release|Any CPU
		{A0FB0DEB-9DEC-420D-A71E-C74807D5BF9D}.Release|Any CPU.Build.0 = Release|Any CPU
		{87DC4D7E-0C43-4C4B-A163-2C72E5947670}.Debug|Any CPU.ActiveCfg = Debug|Any CPU
		{87DC4D7E-0C43-4C4B-A163-2C72E5947670}.Debug|Any CPU.Build.0 = Debug|Any CPU
		{87DC4D7E-0C43-4C4B-A163-2C72E5947670}.Release|Any CPU.ActiveCfg = Release|Any CPU
		{87DC4D7E-0C43-4C4B-A163-2C72E5947670}.Release|Any CPU.Build.0 = Release|Any CPU
		{7C81E753-F0C3-4214-A742-5A4A72450FE5}.Debug|Any CPU.ActiveCfg = Debug|Any CPU
		{7C81E753-F0C3-4214-A742-5A4A72450FE5}.Debug|Any CPU.Build.0 = Debug|Any CPU
		{7C81E753-F0C3-4214-A742-5A4A72450FE5}.Release|Any CPU.ActiveCfg = Release|Any CPU
		{7C81E753-F0C3-4214-A742-5A4A72450FE5}.Release|Any CPU.Build.0 = Release|Any CPU
		{6C351A11-A5F0-4AE2-A75A-B49809DE3A70}.Debug|Any CPU.ActiveCfg = Debug|Any CPU
		{6C351A11-A5F0-4AE2-A75A-B49809DE3A70}.Debug|Any CPU.Build.0 = Debug|Any CPU
		{6C351A11-A5F0-4AE2-A75A-B49809DE3A70}.Release|Any CPU.ActiveCfg = Release|Any CPU
		{6C351A11-A5F0-4AE2-A75A-B49809DE3A70}.Release|Any CPU.Build.0 = Release|Any CPU
		{1625EA33-77EC-4064-98A4-1E0D8371EB69}.Debug|Any CPU.ActiveCfg = Debug|Any CPU
		{1625EA33-77EC-4064-98A4-1E0D8371EB69}.Debug|Any CPU.Build.0 = Debug|Any CPU
		{1625EA33-77EC-4064-98A4-1E0D8371EB69}.Release|Any CPU.ActiveCfg = Release|Any CPU
		{1625EA33-77EC-4064-98A4-1E0D8371EB69}.Release|Any CPU.Build.0 = Release|Any CPU
		{B63809AF-EFDD-4D68-8647-7606E46F43F0}.Debug|Any CPU.ActiveCfg = Debug|Any CPU
		{B63809AF-EFDD-4D68-8647-7606E46F43F0}.Debug|Any CPU.Build.0 = Debug|Any CPU
		{B63809AF-EFDD-4D68-8647-7606E46F43F0}.Release|Any CPU.ActiveCfg = Release|Any CPU
		{B63809AF-EFDD-4D68-8647-7606E46F43F0}.Release|Any CPU.Build.0 = Release|Any CPU
	EndGlobalSection
	GlobalSection(SolutionProperties) = preSolution
		HideSolutionNode = FALSE
	EndGlobalSection
	GlobalSection(ExtensibilityGlobals) = postSolution
		SolutionGuid = {7D51600D-EEFE-41A8-A4E8-532A7A21C8E3}
	EndGlobalSection
EndGlobal
